{
  "name": "dfs",
  "version": "1.0.0",
  "lockfileVersion": 1,
  "requires": true,
  "dependencies": {
    "csv-parser": {
      "version": "2.3.3",
      "resolved": "https://artifactory.build.dkinternal.com/artifactory/api/npm/dknpm/csv-parser/-/csv-parser-2.3.3.tgz",
      "integrity": "sha1-l4EgyhT4eaF6i5d9lEjapzijj2U=",
      "requires": {
        "minimist": "^1.2.0",
        "through2": "^3.0.1"
      }
    },
    "inherits": {
      "version": "2.0.4",
      "resolved": "https://artifactory.build.dkinternal.com/artifactory/api/npm/dknpm/inherits/-/inherits-2.0.4.tgz",
      "integrity": "sha1-D6LGT5MpF8NDOg3tVTY6rjdBa3w="
    },
    "minimist": {
      "version": "1.2.5",
      "resolved": "https://artifactory.build.dkinternal.com/artifactory/api/npm/dknpm/minimist/-/minimist-1.2.5.tgz",
      "integrity": "sha1-Z9ZgFLZqaoqqDAg8X9WN9OTpdgI="
    },
    "readable-stream": {
      "version": "3.6.0",
      "resolved": "https://artifactory.build.dkinternal.com/artifactory/api/npm/dknpm/readable-stream/-/readable-stream-3.6.0.tgz",
      "integrity": "sha1-M3u9o63AcGvT4CRCaihtS0sskZg=",
      "requires": {
        "inherits": "^2.0.3",
        "string_decoder": "^1.1.1",
        "util-deprecate": "^1.0.1"
      }
    },
    "safe-buffer": {
      "version": "5.2.1",
      "resolved": "https://artifactory.build.dkinternal.com/artifactory/api/npm/dknpm/safe-buffer/-/safe-buffer-5.2.1.tgz",
      "integrity": "sha1-Hq+fqb2x/dTsdfWPnNtOa3gn7sY="
    },
    "string_decoder": {
      "version": "1.3.0",
      "resolved": "https://artifactory.build.dkinternal.com/artifactory/api/npm/dknpm/string_decoder/-/string_decoder-1.3.0.tgz",
      "integrity": "sha1-QvEUWUpGzxqOMLCoT1bHjD7awh4=",
      "requires": {
        "safe-buffer": "~5.2.0"
      }
    },
    "through2": {
      "version": "3.0.2",
      "resolved": "https://artifactory.build.dkinternal.com/artifactory/api/npm/dknpm/through2/-/through2-3.0.2.tgz",
      "integrity": "sha1-mfiJMc/HYex2eLQdXXM2tbage/Q=",
      "requires": {
        "inherits": "^2.0.4",
        "readable-stream": "2 || 3"
      }
    },
    "util-deprecate": {
      "version": "1.0.2",
      "resolved": "https://artifactory.build.dkinternal.com/artifactory/api/npm/dknpm/util-deprecate/-/util-deprecate-1.0.2.tgz",
      "integrity": "sha1-RQ1Nyfpw3nMnYvvS1KKJgUGaDM8="
    }
  }
}
